// !$*UTF8*$!
{
	archiveVersion = 1;
	classes = {
	};
	objectVersion = 46;
	objects = {

/* Begin PBXBuildFile section */
		1E184DDE7F883169C567D83D /* Pods_Youtube_Player.framework in Frameworks */ = {isa = PBXBuildFile; fileRef = D7E2861E2611B21BEAB80FC2 /* Pods_Youtube_Player.framework */; };
		CC0A64B91C9C85EF00BC8C35 /* VideosTableViewController.swift in Sources */ = {isa = PBXBuildFile; fileRef = CC0A64B81C9C85EF00BC8C35 /* VideosTableViewController.swift */; };
		CC0A64BC1C9C865700BC8C35 /* DataManager.swift in Sources */ = {isa = PBXBuildFile; fileRef = CC0A64BB1C9C865700BC8C35 /* DataManager.swift */; };
		CC0A64BE1C9C867100BC8C35 /* Video.swift in Sources */ = {isa = PBXBuildFile; fileRef = CC0A64BD1C9C867100BC8C35 /* Video.swift */; };
		CC0A64C21C9C8F0D00BC8C35 /* VideoTableViewCell.swift in Sources */ = {isa = PBXBuildFile; fileRef = CC0A64C11C9C8F0D00BC8C35 /* VideoTableViewCell.swift */; };
		CC0A64C41C9C9CA700BC8C35 /* VideoDetailViewController.swift in Sources */ = {isa = PBXBuildFile; fileRef = CC0A64C31C9C9CA700BC8C35 /* VideoDetailViewController.swift */; };
		CC9183631C9D47ED00A6BEB4 /* Constants.swift in Sources */ = {isa = PBXBuildFile; fileRef = CC9183621C9D47ED00A6BEB4 /* Constants.swift */; };
		CCCB86A61C9C55AD00CF5D48 /* AppDelegate.swift in Sources */ = {isa = PBXBuildFile; fileRef = CCCB86A51C9C55AD00CF5D48 /* AppDelegate.swift */; };
		CCCB86AB1C9C55AD00CF5D48 /* Main.storyboard in Resources */ = {isa = PBXBuildFile; fileRef = CCCB86A91C9C55AD00CF5D48 /* Main.storyboard */; };
		CCCB86AD1C9C55AD00CF5D48 /* Assets.xcassets in Resources */ = {isa = PBXBuildFile; fileRef = CCCB86AC1C9C55AD00CF5D48 /* Assets.xcassets */; };
		CCCB86B01C9C55AD00CF5D48 /* LaunchScreen.storyboard in Resources */ = {isa = PBXBuildFile; fileRef = CCCB86AE1C9C55AD00CF5D48 /* LaunchScreen.storyboard */; };
		CCDE15F01C9D34C7006039D5 /* AboutViewController.swift in Sources */ = {isa = PBXBuildFile; fileRef = CCDE15EF1C9D34C7006039D5 /* AboutViewController.swift */; };
/* End PBXBuildFile section */

/* Begin PBXFileReference section */
		2BA4AD8714E35F973DDCDDE2 /* Pods-Youtube-Player.release.xcconfig */ = {isa = PBXFileReference; includeInIndex = 1; lastKnownFileType = text.xcconfig; name = "Pods-Youtube-Player.release.xcconfig"; path = "Pods/Target Support Files/Pods-Youtube-Player/Pods-Youtube-Player.release.xcconfig"; sourceTree = "<group>"; };
		3481ABA5DE0BB5E1004125D0 /* Pods-Youtube-Player.debug.xcconfig */ = {isa = PBXFileReference; includeInIndex = 1; lastKnownFileType = text.xcconfig; name = "Pods-Youtube-Player.debug.xcconfig"; path = "Pods/Target Support Files/Pods-Youtube-Player/Pods-Youtube-Player.debug.xcconfig"; sourceTree = "<group>"; };
		CC0A64B81C9C85EF00BC8C35 /* VideosTableViewController.swift */ = {isa = PBXFileReference; fileEncoding = 4; lastKnownFileType = sourcecode.swift; path = VideosTableViewController.swift; sourceTree = "<group>"; };
		CC0A64BB1C9C865700BC8C35 /* DataManager.swift */ = {isa = PBXFileReference; fileEncoding = 4; lastKnownFileType = sourcecode.swift; path = DataManager.swift; sourceTree = "<group>"; };
		CC0A64BD1C9C867100BC8C35 /* Video.swift */ = {isa = PBXFileReference; fileEncoding = 4; lastKnownFileType = sourcecode.swift; path = Video.swift; sourceTree = "<group>"; };
		CC0A64C11C9C8F0D00BC8C35 /* VideoTableViewCell.swift */ = {isa = PBXFileReference; fileEncoding = 4; lastKnownFileType = sourcecode.swift; path = VideoTableViewCell.swift; sourceTree = "<group>"; };
		CC0A64C31C9C9CA700BC8C35 /* VideoDetailViewController.swift */ = {isa = PBXFileReference; fileEncoding = 4; lastKnownFileType = sourcecode.swift; path = VideoDetailViewController.swift; sourceTree = "<group>"; };
		CC9183621C9D47ED00A6BEB4 /* Constants.swift */ = {isa = PBXFileReference; fileEncoding = 4; lastKnownFileType = sourcecode.swift; path = Constants.swift; sourceTree = "<group>"; };
		CCCB86A21C9C55AD00CF5D48 /* Youtube-Player.app */ = {isa = PBXFileReference; explicitFileType = wrapper.application; includeInIndex = 0; path = "Youtube-Player.app"; sourceTree = BUILT_PRODUCTS_DIR; };
		CCCB86A51C9C55AD00CF5D48 /* AppDelegate.swift */ = {isa = PBXFileReference; lastKnownFileType = sourcecode.swift; path = AppDelegate.swift; sourceTree = "<group>"; };
		CCCB86AA1C9C55AD00CF5D48 /* Base */ = {isa = PBXFileReference; lastKnownFileType = file.storyboard; name = Base; path = Base.lproj/Main.storyboard; sourceTree = "<group>"; };
		CCCB86AC1C9C55AD00CF5D48 /* Assets.xcassets */ = {isa = PBXFileReference; lastKnownFileType = folder.assetcatalog; path = Assets.xcassets; sourceTree = "<group>"; };
		CCCB86AF1C9C55AD00CF5D48 /* Base */ = {isa = PBXFileReference; lastKnownFileType = file.storyboard; name = Base; path = Base.lproj/LaunchScreen.storyboard; sourceTree = "<group>"; };
		CCCB86B11C9C55AD00CF5D48 /* Info.plist */ = {isa = PBXFileReference; lastKnownFileType = text.plist.xml; path = Info.plist; sourceTree = "<group>"; };
		CCDE15EF1C9D34C7006039D5 /* AboutViewController.swift */ = {isa = PBXFileReference; fileEncoding = 4; lastKnownFileType = sourcecode.swift; path = AboutViewController.swift; sourceTree = "<group>"; };
		D7E2861E2611B21BEAB80FC2 /* Pods_Youtube_Player.framework */ = {isa = PBXFileReference; explicitFileType = wrapper.framework; includeInIndex = 0; path = Pods_Youtube_Player.framework; sourceTree = BUILT_PRODUCTS_DIR; };
/* End PBXFileReference section */

/* Begin PBXFrameworksBuildPhase section */
		CCCB869F1C9C55AD00CF5D48 /* Frameworks */ = {
			isa = PBXFrameworksBuildPhase;
			buildActionMask = 2147483647;
			files = (
				1E184DDE7F883169C567D83D /* Pods_Youtube_Player.framework in Frameworks */,
			);
			runOnlyForDeploymentPostprocessing = 0;
		};
/* End PBXFrameworksBuildPhase section */

/* Begin PBXGroup section */
		39E727AB77593CC7143A22FC /* Pods */ = {
			isa = PBXGroup;
			children = (
				3481ABA5DE0BB5E1004125D0 /* Pods-Youtube-Player.debug.xcconfig */,
				2BA4AD8714E35F973DDCDDE2 /* Pods-Youtube-Player.release.xcconfig */,
			);
			name = Pods;
			sourceTree = "<group>";
		};
		CC0A64BA1C9C864500BC8C35 /* Networking */ = {
			isa = PBXGroup;
			children = (
				CC0A64BB1C9C865700BC8C35 /* DataManager.swift */,
			);
			name = Networking;
			sourceTree = "<group>";
		};
		CC9183611C9D47DD00A6BEB4 /* Utilities */ = {
			isa = PBXGroup;
			children = (
				CC9183621C9D47ED00A6BEB4 /* Constants.swift */,
			);
			name = Utilities;
			sourceTree = "<group>";
		};
		CCCAEFAE1C9C5BF7003BF71E /* Supporting Files */ = {
			isa = PBXGroup;
			children = (
				CCCB86A51C9C55AD00CF5D48 /* AppDelegate.swift */,
				CCCB86AC1C9C55AD00CF5D48 /* Assets.xcassets */,
				CCCB86B11C9C55AD00CF5D48 /* Info.plist */,
			);
			name = "Supporting Files";
			sourceTree = "<group>";
		};
		CCCAEFAF1C9C5C17003BF71E /* View */ = {
			isa = PBXGroup;
			children = (
				CCCB86A91C9C55AD00CF5D48 /* Main.storyboard */,
				CCCB86AE1C9C55AD00CF5D48 /* LaunchScreen.storyboard */,
			);
			name = View;
			sourceTree = "<group>";
		};
		CCCAEFB01C9C5C26003BF71E /* Controller */ = {
			isa = PBXGroup;
			children = (
				CC0A64B81C9C85EF00BC8C35 /* VideosTableViewController.swift */,
				CC0A64C31C9C9CA700BC8C35 /* VideoDetailViewController.swift */,
				CCDE15EF1C9D34C7006039D5 /* AboutViewController.swift */,
			);
			name = Controller;
			sourceTree = "<group>";
		};
		CCCAEFB11C9C5C34003BF71E /* Model */ = {
			isa = PBXGroup;
			children = (
				CC0A64BD1C9C867100BC8C35 /* Video.swift */,
			);
			name = Model;
			sourceTree = "<group>";
		};
		CCCAEFB21C9C5C3C003BF71E /* Cells */ = {
			isa = PBXGroup;
			children = (
				CC0A64C11C9C8F0D00BC8C35 /* VideoTableViewCell.swift */,
			);
			name = Cells;
			sourceTree = "<group>";
		};
		CCCB86991C9C55AD00CF5D48 = {
			isa = PBXGroup;
			children = (
				CCCB86A41C9C55AD00CF5D48 /* Youtube-Player */,
				CCCB86A31C9C55AD00CF5D48 /* Products */,
				39E727AB77593CC7143A22FC /* Pods */,
				E5A65D74B03EF13D9CC3C49B /* Frameworks */,
			);
			sourceTree = "<group>";
		};
		CCCB86A31C9C55AD00CF5D48 /* Products */ = {
			isa = PBXGroup;
			children = (
				CCCB86A21C9C55AD00CF5D48 /* Youtube-Player.app */,
			);
			name = Products;
			sourceTree = "<group>";
		};
		CCCB86A41C9C55AD00CF5D48 /* Youtube-Player */ = {
			isa = PBXGroup;
			children = (
				CC9183611C9D47DD00A6BEB4 /* Utilities */,
				CC0A64BA1C9C864500BC8C35 /* Networking */,
				CCCAEFB21C9C5C3C003BF71E /* Cells */,
				CCCAEFB11C9C5C34003BF71E /* Model */,
				CCCAEFB01C9C5C26003BF71E /* Controller */,
				CCCAEFAF1C9C5C17003BF71E /* View */,
				CCCAEFAE1C9C5BF7003BF71E /* Supporting Files */,
			);
			path = "Youtube-Player";
			sourceTree = "<group>";
		};
		E5A65D74B03EF13D9CC3C49B /* Frameworks */ = {
			isa = PBXGroup;
			children = (
				D7E2861E2611B21BEAB80FC2 /* Pods_Youtube_Player.framework */,
			);
			name = Frameworks;
			sourceTree = "<group>";
		};
/* End PBXGroup section */

/* Begin PBXNativeTarget section */
		CCCB86A11C9C55AD00CF5D48 /* Youtube-Player */ = {
			isa = PBXNativeTarget;
			buildConfigurationList = CCCB86B41C9C55AD00CF5D48 /* Build configuration list for PBXNativeTarget "Youtube-Player" */;
			buildPhases = (
				82EDBE500CAFD7687E768B26 /* Check Pods Manifest.lock */,
				CCCB869E1C9C55AD00CF5D48 /* Sources */,
				CCCB869F1C9C55AD00CF5D48 /* Frameworks */,
				CCCB86A01C9C55AD00CF5D48 /* Resources */,
				E0ED6761D0987CE881C25BE1 /* Embed Pods Frameworks */,
				61BC58E8A3F41C11FFE0A3FE /* Copy Pods Resources */,
			);
			buildRules = (
			);
			dependencies = (
			);
			name = "Youtube-Player";
			productName = "Youtube-Player";
			productReference = CCCB86A21C9C55AD00CF5D48 /* Youtube-Player.app */;
			productType = "com.apple.product-type.application";
		};
/* End PBXNativeTarget section */

/* Begin PBXProject section */
		CCCB869A1C9C55AD00CF5D48 /* Project object */ = {
			isa = PBXProject;
			attributes = {
				LastSwiftUpdateCheck = 0720;
				LastUpgradeCheck = 0720;
				ORGANIZATIONNAME = "Raj Abishek";
				TargetAttributes = {
					CCCB86A11C9C55AD00CF5D48 = {
						CreatedOnToolsVersion = 7.2.1;
					};
				};
			};
			buildConfigurationList = CCCB869D1C9C55AD00CF5D48 /* Build configuration list for PBXProject "Youtube-Player" */;
			compatibilityVersion = "Xcode 3.2";
			developmentRegion = English;
			hasScannedForEncodings = 0;
			knownRegions = (
				en,
				Base,
			);
			mainGroup = CCCB86991C9C55AD00CF5D48;
			productRefGroup = CCCB86A31C9C55AD00CF5D48 /* Products */;
			projectDirPath = "";
			projectRoot = "";
			targets = (
				CCCB86A11C9C55AD00CF5D48 /* Youtube-Player */,
			);
		};
/* End PBXProject section */

/* Begin PBXResourcesBuildPhase section */
		CCCB86A01C9C55AD00CF5D48 /* Resources */ = {
			isa = PBXResourcesBuildPhase;
			buildActionMask = 2147483647;
			files = (
				CCCB86B01C9C55AD00CF5D48 /* LaunchScreen.storyboard in Resources */,
				CCCB86AD1C9C55AD00CF5D48 /* Assets.xcassets in Resources */,
				CCCB86AB1C9C55AD00CF5D48 /* Main.storyboard in Resources */,
			);
			runOnlyForDeploymentPostprocessing = 0;
		};
/* End PBXResourcesBuildPhase section */

/* Begin PBXShellScriptBuildPhase section */
		61BC58E8A3F41C11FFE0A3FE /* Copy Pods Resources */ = {
			isa = PBXShellScriptBuildPhase;
			buildActionMask = 2147483647;
			files = (
			);
			inputPaths = (
			);
			name = "Copy Pods Resources";
			outputPaths = (
			);
			runOnlyForDeploymentPostprocessing = 0;
			shellPath = /bin/sh;
			shellScript = "\"${SRCROOT}/Pods/Target Support Files/Pods-Youtube-Player/Pods-Youtube-Player-resources.sh\"\n";
			showEnvVarsInLog = 0;
		};
		82EDBE500CAFD7687E768B26 /* Check Pods Manifest.lock */ = {
			isa = PBXShellScriptBuildPhase;
			buildActionMask = 2147483647;
			files = (
			);
			inputPaths = (
			);
			name = "Check Pods Manifest.lock";
			outputPaths = (
			);
			runOnlyForDeploymentPostprocessing = 0;
			shellPath = /bin/sh;
			shellScript = "diff \"${PODS_ROOT}/../Podfile.lock\" \"${PODS_ROOT}/Manifest.lock\" > /dev/null\nif [[ $? != 0 ]] ; then\n    cat << EOM\nerror: The sandbox is not in sync with the Podfile.lock. Run 'pod install' or update your CocoaPods installation.\nEOM\n    exit 1\nfi\n";
			showEnvVarsInLog = 0;
		};
		E0ED6761D0987CE881C25BE1 /* Embed Pods Frameworks */ = {
			isa = PBXShellScriptBuildPhase;
			buildActionMask = 2147483647;
			files = (
			);
			inputPaths = (
			);
			name = "Embed Pods Frameworks";
			outputPaths = (
			);
			runOnlyForDeploymentPostprocessing = 0;
			shellPath = /bin/sh;
			shellScript = "\"${SRCROOT}/Pods/Target Support Files/Pods-Youtube-Player/Pods-Youtube-Player-frameworks.sh\"\n";
			showEnvVarsInLog = 0;
		};
/* End PBXShellScriptBuildPhase section */

/* Begin PBXSourcesBuildPhase section */
		CCCB869E1C9C55AD00CF5D48 /* Sources */ = {
			isa = PBXSourcesBuildPhase;
			buildActionMask = 2147483647;
			files = (
				CCCB86A61C9C55AD00CF5D48 /* AppDelegate.swift in Sources */,
				CC0A64C41C9C9CA700BC8C35 /* VideoDetailViewController.swift in Sources */,
				CC0A64BE1C9C867100BC8C35 /* Video.swift in Sources */,
				CCDE15F01C9D34C7006039D5 /* AboutViewController.swift in Sources */,
				CC0A64BC1C9C865700BC8C35 /* DataManager.swift in Sources */,
				CC0A64B91C9C85EF00BC8C35 /* VideosTableViewController.swift in Sources */,
				CC0A64C21C9C8F0D00BC8C35 /* VideoTableViewCell.swift in Sources */,
				CC9183631C9D47ED00A6BEB4 /* Constants.swift in Sources */,
			);
			runOnlyForDeploymentPostprocessing = 0;
		};
/* End PBXSourcesBuildPhase section */

/* Begin PBXVariantGroup section */
		CCCB86A91C9C55AD00CF5D48 /* Main.storyboard */ = {
			isa = PBXVariantGroup;
			children = (
				CCCB86AA1C9C55AD00CF5D48 /* Base */,
			);
			name = Main.storyboard;
			sourceTree = "<group>";
		};
		CCCB86AE1C9C55AD00CF5D48 /* LaunchScreen.storyboard */ = {
			isa = PBXVariantGroup;
			children = (
				CCCB86AF1C9C55AD00CF5D48 /* Base */,
			);
			name = LaunchScreen.storyboard;
			sourceTree = "<group>";
		};
/* End PBXVariantGroup section */

/* Begin XCBuildConfiguration section */
		CCCB86B21C9C55AD00CF5D48 /* Debug */ = {
			isa = XCBuildConfiguration;
			buildSettings = {
				ALWAYS_SEARCH_USER_PATHS = NO;
				CLANG_CXX_LANGUAGE_STANDARD = "gnu++0x";
				CLANG_CXX_LIBRARY = "libc++";
				CLANG_ENABLE_MODULES = YES;
				CLANG_ENABLE_OBJC_ARC = YES;
				CLANG_WARN_BOOL_CONVERSION = YES;
				CLANG_WARN_CONSTANT_CONVERSION = YES;
				CLANG_WARN_DIRECT_OBJC_ISA_USAGE = YES_ERROR;
				CLANG_WARN_EMPTY_BODY = YES;
				CLANG_WARN_ENUM_CONVERSION = YES;
				CLANG_WARN_INT_CONVERSION = YES;
				CLANG_WARN_OBJC_ROOT_CLASS = YES_ERROR;
				CLANG_WARN_UNREACHABLE_CODE = YES;
				CLANG_WARN__DUPLICATE_METHOD_MATCH = YES;
				"CODE_SIGN_IDENTITY[sdk=iphoneos*]" = "iPhone Developer";
				COPY_PHASE_STRIP = NO;
				DEBUG_INFORMATION_FORMAT = dwarf;
				ENABLE_STRICT_OBJC_MSGSEND = YES;
				ENABLE_TESTABILITY = YES;
				GCC_C_LANGUAGE_STANDARD = gnu99;
				GCC_DYNAMIC_NO_PIC = NO;
				GCC_NO_COMMON_BLOCKS = YES;
				GCC_OPTIMIZATION_LEVEL = 0;
				GCC_PREPROCESSOR_DEFINITIONS = (
					"DEBUG=1",
					"$(inherited)",
				);
				GCC_WARN_64_TO_32_BIT_CONVERSION = YES;
				GCC_WARN_ABOUT_RETURN_TYPE = YES_ERROR;
				GCC_WARN_UNDECLARED_SELECTOR = YES;
				GCC_WARN_UNINITIALIZED_AUTOS = YES_AGGRESSIVE;
				GCC_WARN_UNUSED_FUNCTION = YES;
				GCC_WARN_UNUSED_VARIABLE = YES;
				IPHONEOS_DEPLOYMENT_TARGET = 9.2;
				MTL_ENABLE_DEBUG_INFO = YES;
				ONLY_ACTIVE_ARCH = YES;
				SDKROOT = iphoneos;
				SWIFT_OPTIMIZATION_LEVEL = "-Onone";
				TARGETED_DEVICE_FAMILY = "1,2";
			};
			name = Debug;
		};
		CCCB86B31C9C55AD00CF5D48 /* Release */ = {
			isa = XCBuildConfiguration;
			buildSettings = {
				ALWAYS_SEARCH_USER_PATHS = NO;
				CLANG_CXX_LANGUAGE_STANDARD = "gnu++0x";
				CLANG_CXX_LIBRARY = "libc++";
				CLANG_ENABLE_MODULES = YES;
				CLANG_ENABLE_OBJC_ARC = YES;
				CLANG_WARN_BOOL_CONVERSION = YES;
				CLANG_WARN_CONSTANT_CONVERSION = YES;
				CLANG_WARN_DIRECT_OBJC_ISA_USAGE = YES_ERROR;
				CLANG_WARN_EMPTY_BODY = YES;
				CLANG_WARN_ENUM_CONVERSION = YES;
				CLANG_WARN_INT_CONVERSION = YES;
				CLANG_WARN_OBJC_ROOT_CLASS = YES_ERROR;
				CLANG_WARN_UNREACHABLE_CODE = YES;
				CLANG_WARN__DUPLICATE_METHOD_MATCH = YES;
				"CODE_SIGN_IDENTITY[sdk=iphoneos*]" = "iPhone Developer";
				COPY_PHASE_STRIP = NO;
				DEBUG_INFORMATION_FORMAT = "dwarf-with-dsym";
				ENABLE_NS_ASSERTIONS = NO;
				ENABLE_STRICT_OBJC_MSGSEND = YES;
				GCC_C_LANGUAGE_STANDARD = gnu99;
				GCC_NO_COMMON_BLOCKS = YES;
				GCC_WARN_64_TO_32_BIT_CONVERSION = YES;
				GCC_WARN_ABOUT_RETURN_TYPE = YES_ERROR;
				GCC_WARN_UNDECLARED_SELECTOR = YES;
				GCC_WARN_UNINITIALIZED_AUTOS = YES_AGGRESSIVE;
				GCC_WARN_UNUSED_FUNCTION = YES;
				GCC_WARN_UNUSED_VARIABLE = YES;
				IPHONEOS_DEPLOYMENT_TARGET = 9.2;
				MTL_ENABLE_DEBUG_INFO = NO;
				SDKROOT = iphoneos;
				TARGETED_DEVICE_FAMILY = "1,2";
				VALIDATE_PRODUCT = YES;
			};
			name = Release;
		};
		CCCB86B51C9C55AD00CF5D48 /* Debug */ = {
			isa = XCBuildConfiguration;
			baseConfigurationReference = 3481ABA5DE0BB5E1004125D0 /* Pods-Youtube-Player.debug.xcconfig */;
			buildSettings = {
				ASSETCATALOG_COMPILER_APPICON_NAME = AppIcon;
				INFOPLIST_FILE = "Youtube-Player/Info.plist";
				LD_RUNPATH_SEARCH_PATHS = "$(inherited) @executable_path/Frameworks";
				PRODUCT_BUNDLE_IDENTIFIER = "Compress.Youtube-Player";
				PRODUCT_NAME = "$(TARGET_NAME)";
			};
			name = Debug;
		};
		CCCB86B61C9C55AD00CF5D48 /* Release */ = {
			isa = XCBuildConfiguration;
			baseConfigurationReference = 2BA4AD8714E35F973DDCDDE2 /* Pods-Youtube-Player.release.xcconfig */;
			buildSettings = {
				ASSETCATALOG_COMPILER_APPICON_NAME = AppIcon;
				INFOPLIST_FILE = "Youtube-Player/Info.plist";
				LD_RUNPATH_SEARCH_PATHS = "$(inherited) @executable_path/Frameworks";
				PRODUCT_BUNDLE_IDENTIFIER = "Compress.Youtube-Player";
				PRODUCT_NAME = "$(TARGET_NAME)";
			};
			name = Release;
		};
/* End XCBuildConfiguration section */

/* Begin XCConfigurationList section */
		CCCB869D1C9C55AD00CF5D48 /* Build configuration list for PBXProject "Youtube-Player" */ = {
			isa = XCConfigurationList;
			buildConfigurations = (
				CCCB86B21C9C55AD00CF5D48 /* Debug */,
				CCCB86B31C9C55AD00CF5D48 /* Release */,
			);
			defaultConfigurationIsVisible = 0;
			defaultConfigurationName = Release;
		};
		CCCB86B41C9C55AD00CF5D48 /* Build configuration list for PBXNativeTarget "Youtube-Player" */ = {
			isa = XCConfigurationList;
			buildConfigurations = (
				CCCB86B51C9C55AD00CF5D48 /* Debug */,
				CCCB86B61C9C55AD00CF5D48 /* Release */,
			);
			defaultConfigurationIsVisible = 0;
			defaultConfigurationName = Release;
		};
/* End XCConfigurationList section */
	};
	rootObject = CCCB869A1C9C55AD00CF5D48 /* Project object */;
}
